// !$*UTF8*$!
{
	archiveVersion = 1;
	classes = {
	};
	objectVersion = 56;
	objects = {

/* Begin PBXBuildFile section */
		603581032A0013BB0048AB23 /* AppDelegate.swift in Sources */ = {isa = PBXBuildFile; fileRef = 603581022A0013BB0048AB23 /* AppDelegate.swift */; };
		603581052A0013BB0048AB23 /* SceneDelegate.swift in Sources */ = {isa = PBXBuildFile; fileRef = 603581042A0013BB0048AB23 /* SceneDelegate.swift */; };
		603581072A0013BB0048AB23 /* ViewController.swift in Sources */ = {isa = PBXBuildFile; fileRef = 603581062A0013BB0048AB23 /* ViewController.swift */; };
		6035810A2A0013BB0048AB23 /* Main.storyboard in Resources */ = {isa = PBXBuildFile; fileRef = 603581082A0013BB0048AB23 /* Main.storyboard */; };
		6035810C2A0013BC0048AB23 /* Assets.xcassets in Resources */ = {isa = PBXBuildFile; fileRef = 6035810B2A0013BC0048AB23 /* Assets.xcassets */; };
		6035810F2A0013BC0048AB23 /* LaunchScreen.storyboard in Resources */ = {isa = PBXBuildFile; fileRef = 6035810D2A0013BC0048AB23 /* LaunchScreen.storyboard */; };
		603581172A0015380048AB23 /* QuizViewController.swift in Sources */ = {isa = PBXBuildFile; fileRef = 603581162A0015380048AB23 /* QuizViewController.swift */; };
		603581192A0015F10048AB23 /* ScoreViewController.swift in Sources */ = {isa = PBXBuildFile; fileRef = 603581182A0015F10048AB23 /* ScoreViewController.swift */; };
		6035811B2A0104300048AB23 /* quiz.csv in Resources */ = {isa = PBXBuildFile; fileRef = 6035811A2A0104300048AB23 /* quiz.csv */; };
/* End PBXBuildFile section */

/* Begin PBXFileReference section */
		603580FF2A0013BB0048AB23 /* SignKaruta.app */ = {isa = PBXFileReference; explicitFileType = wrapper.application; includeInIndex = 0; path = SignKaruta.app; sourceTree = BUILT_PRODUCTS_DIR; };
		603581022A0013BB0048AB23 /* AppDelegate.swift */ = {isa = PBXFileReference; lastKnownFileType = sourcecode.swift; path = AppDelegate.swift; sourceTree = "<group>"; };
		603581042A0013BB0048AB23 /* SceneDelegate.swift */ = {isa = PBXFileReference; lastKnownFileType = sourcecode.swift; path = SceneDelegate.swift; sourceTree = "<group>"; };
		603581062A0013BB0048AB23 /* ViewController.swift */ = {isa = PBXFileReference; lastKnownFileType = sourcecode.swift; path = ViewController.swift; sourceTree = "<group>"; };
		603581092A0013BB0048AB23 /* Base */ = {isa = PBXFileReference; lastKnownFileType = file.storyboard; name = Base; path = Base.lproj/Main.storyboard; sourceTree = "<group>"; };
		6035810B2A0013BC0048AB23 /* Assets.xcassets */ = {isa = PBXFileReference; lastKnownFileType = folder.assetcatalog; path = Assets.xcassets; sourceTree = "<group>"; };
		6035810E2A0013BC0048AB23 /* Base */ = {isa = PBXFileReference; lastKnownFileType = file.storyboard; name = Base; path = Base.lproj/LaunchScreen.storyboard; sourceTree = "<group>"; };
		603581102A0013BC0048AB23 /* Info.plist */ = {isa = PBXFileReference; lastKnownFileType = text.plist.xml; path = Info.plist; sourceTree = "<group>"; };
		603581162A0015380048AB23 /* QuizViewController.swift */ = {isa = PBXFileReference; lastKnownFileType = sourcecode.swift; path = QuizViewController.swift; sourceTree = "<group>"; };
		603581182A0015F10048AB23 /* ScoreViewController.swift */ = {isa = PBXFileReference; lastKnownFileType = sourcecode.swift; path = ScoreViewController.swift; sourceTree = "<group>"; };
		6035811A2A0104300048AB23 /* quiz.csv */ = {isa = PBXFileReference; lastKnownFileType = text; path = quiz.csv; sourceTree = "<group>"; };
/* End PBXFileReference section */

/* Begin PBXFrameworksBuildPhase section */
		603580FC2A0013BB0048AB23 /* Frameworks */ = {
			isa = PBXFrameworksBuildPhase;
			buildActionMask = 2147483647;
			files = (
			);
			runOnlyForDeploymentPostprocessing = 0;
		};
/* End PBXFrameworksBuildPhase section */

/* Begin PBXGroup section */
		603580F62A0013BB0048AB23 = {
			isa = PBXGroup;
			children = (
				6035811A2A0104300048AB23 /* quiz.csv */,
				603581012A0013BB0048AB23 /* SignKaruta */,
				603581002A0013BB0048AB23 /* Products */,
			);
			sourceTree = "<group>";
		};
		603581002A0013BB0048AB23 /* Products */ = {
			isa = PBXGroup;
			children = (
				603580FF2A0013BB0048AB23 /* SignKaruta.app */,
			);
			name = Products;
			sourceTree = "<group>";
		};
		603581012A0013BB0048AB23 /* SignKaruta */ = {
			isa = PBXGroup;
			children = (
				603581022A0013BB0048AB23 /* AppDelegate.swift */,
				603581042A0013BB0048AB23 /* SceneDelegate.swift */,
				603581062A0013BB0048AB23 /* ViewController.swift */,
				603581082A0013BB0048AB23 /* Main.storyboard */,
				603581182A0015F10048AB23 /* ScoreViewController.swift */,
				603581162A0015380048AB23 /* QuizViewController.swift */,
				6035810B2A0013BC0048AB23 /* Assets.xcassets */,
				6035810D2A0013BC0048AB23 /* LaunchScreen.storyboard */,
				603581102A0013BC0048AB23 /* Info.plist */,
			);
			path = SignKaruta;
			sourceTree = "<group>";
		};
/* End PBXGroup section */

/* Begin PBXNativeTarget section */
		603580FE2A0013BB0048AB23 /* SignKaruta */ = {
			isa = PBXNativeTarget;
			buildConfigurationList = 603581132A0013BC0048AB23 /* Build configuration list for PBXNativeTarget "SignKaruta" */;
			buildPhases = (
				603580FB2A0013BB0048AB23 /* Sources */,
				603580FC2A0013BB0048AB23 /* Frameworks */,
				603580FD2A0013BB0048AB23 /* Resources */,
			);
			buildRules = (
			);
			dependencies = (
			);
			name = SignKaruta;
			productName = SignKaruta;
			productReference = 603580FF2A0013BB0048AB23 /* SignKaruta.app */;
			productType = "com.apple.product-type.application";
		};
/* End PBXNativeTarget section */

/* Begin PBXProject section */
		603580F72A0013BB0048AB23 /* Project object */ = {
			isa = PBXProject;
			attributes = {
				BuildIndependentTargetsInParallel = 1;
				LastSwiftUpdateCheck = 1430;
				LastUpgradeCheck = 1430;
				TargetAttributes = {
					603580FE2A0013BB0048AB23 = {
						CreatedOnToolsVersion = 14.3;
					};
				};
			};
			buildConfigurationList = 603580FA2A0013BB0048AB23 /* Build configuration list for PBXProject "SignKaruta" */;
			compatibilityVersion = "Xcode 14.0";
			developmentRegion = en;
			hasScannedForEncodings = 0;
			knownRegions = (
				en,
				Base,
			);
			mainGroup = 603580F62A0013BB0048AB23;
			productRefGroup = 603581002A0013BB0048AB23 /* Products */;
			projectDirPath = "";
			projectRoot = "";
			targets = (
				603580FE2A0013BB0048AB23 /* SignKaruta */,
			);
		};
/* End PBXProject section */

/* Begin PBXResourcesBuildPhase section */
		603580FD2A0013BB0048AB23 /* Resources */ = {
			isa = PBXResourcesBuildPhase;
			buildActionMask = 2147483647;
			files = (
				6035810F2A0013BC0048AB23 /* LaunchScreen.storyboard in Resources */,
				6035810C2A0013BC0048AB23 /* Assets.xcassets in Resources */,
				6035810A2A0013BB0048AB23 /* Main.storyboard in Resources */,
				6035811B2A0104300048AB23 /* quiz.csv in Resources */,
			);
			runOnlyForDeploymentPostprocessing = 0;
		};
/* End PBXResourcesBuildPhase section */

/* Begin PBXSourcesBuildPhase section */
		603580FB2A0013BB0048AB23 /* Sources */ = {
			isa = PBXSourcesBuildPhase;
			buildActionMask = 2147483647;
			files = (
				603581072A0013BB0048AB23 /* ViewController.swift in Sources */,
				603581032A0013BB0048AB23 /* AppDelegate.swift in Sources */,
				603581192A0015F10048AB23 /* ScoreViewController.swift in Sources */,
				603581052A0013BB0048AB23 /* SceneDelegate.swift in Sources */,
				603581172A0015380048AB23 /* QuizViewController.swift in Sources */,
			);
			runOnlyForDeploymentPostprocessing = 0;
		};
/* End PBXSourcesBuildPhase section */

/* Begin PBXVariantGroup section */
		603581082A0013BB0048AB23 /* Main.storyboard */ = {
			isa = PBXVariantGroup;
			children = (
				603581092A0013BB0048AB23 /* Base */,
			);
			name = Main.storyboard;
			sourceTree = "<group>";
		};
		6035810D2A0013BC0048AB23 /* LaunchScreen.storyboard */ = {
			isa = PBXVariantGroup;
			children = (
				6035810E2A0013BC0048AB23 /* Base */,
			);
			name = LaunchScreen.storyboard;
			sourceTree = "<group>";
		};
/* End PBXVariantGroup section */

/* Begin XCBuildConfiguration section */
		603581112A0013BC0048AB23 /* Debug */ = {
			isa = XCBuildConfiguration;
			buildSettings = {
				ALWAYS_SEARCH_USER_PATHS = NO;
				CLANG_ANALYZER_NONNULL = YES;
				CLANG_ANALYZER_NUMBER_OBJECT_CONVERSION = YES_AGGRESSIVE;
				CLANG_CXX_LANGUAGE_STANDARD = "gnu++20";
				CLANG_ENABLE_MODULES = YES;
				CLANG_ENABLE_OBJC_ARC = YES;
				CLANG_ENABLE_OBJC_WEAK = YES;
				CLANG_WARN_BLOCK_CAPTURE_AUTORELEASING = YES;
				CLANG_WARN_BOOL_CONVERSION = YES;
				CLANG_WARN_COMMA = YES;
				CLANG_WARN_CONSTANT_CONVERSION = YES;
				CLANG_WARN_DEPRECATED_OBJC_IMPLEMENTATIONS = YES;
				CLANG_WARN_DIRECT_OBJC_ISA_USAGE = YES_ERROR;
				CLANG_WARN_DOCUMENTATION_COMMENTS = YES;
				CLANG_WARN_EMPTY_BODY = YES;
				CLANG_WARN_ENUM_CONVERSION = YES;
				CLANG_WARN_INFINITE_RECURSION = YES;
				CLANG_WARN_INT_CONVERSION = YES;
				CLANG_WARN_NON_LITERAL_NULL_CONVERSION = YES;
				CLANG_WARN_OBJC_IMPLICIT_RETAIN_SELF = YES;
				CLANG_WARN_OBJC_LITERAL_CONVERSION = YES;
				CLANG_WARN_OBJC_ROOT_CLASS = YES_ERROR;
				CLANG_WARN_QUOTED_INCLUDE_IN_FRAMEWORK_HEADER = YES;
				CLANG_WARN_RANGE_LOOP_ANALYSIS = YES;
				CLANG_WARN_STRICT_PROTOTYPES = YES;
				CLANG_WARN_SUSPICIOUS_MOVE = YES;
				CLANG_WARN_UNGUARDED_AVAILABILITY = YES_AGGRESSIVE;
				CLANG_WARN_UNREACHABLE_CODE = YES;
				CLANG_WARN__DUPLICATE_METHOD_MATCH = YES;
				COPY_PHASE_STRIP = NO;
				DEBUG_INFORMATION_FORMAT = dwarf;
				ENABLE_STRICT_OBJC_MSGSEND = YES;
				ENABLE_TESTABILITY = YES;
				GCC_C_LANGUAGE_STANDARD = gnu11;
				GCC_DYNAMIC_NO_PIC = NO;
				GCC_NO_COMMON_BLOCKS = YES;
				GCC_OPTIMIZATION_LEVEL = 0;
				GCC_PREPROCESSOR_DEFINITIONS = (
					"DEBUG=1",
					"$(inherited)",
				);
				GCC_WARN_64_TO_32_BIT_CONVERSION = YES;
				GCC_WARN_ABOUT_RETURN_TYPE = YES_ERROR;
				GCC_WARN_UNDECLARED_SELECTOR = YES;
				GCC_WARN_UNINITIALIZED_AUTOS = YES_AGGRESSIVE;
				GCC_WARN_UNUSED_FUNCTION = YES;
				GCC_WARN_UNUSED_VARIABLE = YES;
				IPHONEOS_DEPLOYMENT_TARGET = 16.4;
				MTL_ENABLE_DEBUG_INFO = INCLUDE_SOURCE;
				MTL_FAST_MATH = YES;
				ONLY_ACTIVE_ARCH = YES;
				SDKROOT = iphoneos;
				SWIFT_ACTIVE_COMPILATION_CONDITIONS = DEBUG;
				SWIFT_OPTIMIZATION_LEVEL = "-Onone";
			};
			name = Debug;
		};
		603581122A0013BC0048AB23 /* Release */ = {
			isa = XCBuildConfiguration;
			buildSettings = {
				ALWAYS_SEARCH_USER_PATHS = NO;
				CLANG_ANALYZER_NONNULL = YES;
				CLANG_ANALYZER_NUMBER_OBJECT_CONVERSION = YES_AGGRESSIVE;
				CLANG_CXX_LANGUAGE_STANDARD = "gnu++20";
				CLANG_ENABLE_MODULES = YES;
				CLANG_ENABLE_OBJC_ARC = YES;
				CLANG_ENABLE_OBJC_WEAK = YES;
				CLANG_WARN_BLOCK_CAPTURE_AUTORELEASING = YES;
				CLANG_WARN_BOOL_CONVERSION = YES;
				CLANG_WARN_COMMA = YES;
				CLANG_WARN_CONSTANT_CONVERSION = YES;
				CLANG_WARN_DEPRECATED_OBJC_IMPLEMENTATIONS = YES;
				CLANG_WARN_DIRECT_OBJC_ISA_USAGE = YES_ERROR;
				CLANG_WARN_DOCUMENTATION_COMMENTS = YES;
				CLANG_WARN_EMPTY_BODY = YES;
				CLANG_WARN_ENUM_CONVERSION = YES;
				CLANG_WARN_INFINITE_RECURSION = YES;
				CLANG_WARN_INT_CONVERSION = YES;
				CLANG_WARN_NON_LITERAL_NULL_CONVERSION = YES;
				CLANG_WARN_OBJC_IMPLICIT_RETAIN_SELF = YES;
				CLANG_WARN_OBJC_LITERAL_CONVERSION = YES;
				CLANG_WARN_OBJC_ROOT_CLASS = YES_ERROR;
				CLANG_WARN_QUOTED_INCLUDE_IN_FRAMEWORK_HEADER = YES;
				CLANG_WARN_RANGE_LOOP_ANALYSIS = YES;
				CLANG_WARN_STRICT_PROTOTYPES = YES;
				CLANG_WARN_SUSPICIOUS_MOVE = YES;
				CLANG_WARN_UNGUARDED_AVAILABILITY = YES_AGGRESSIVE;
				CLANG_WARN_UNREACHABLE_CODE = YES;
				CLANG_WARN__DUPLICATE_METHOD_MATCH = YES;
				COPY_PHASE_STRIP = NO;
				DEBUG_INFORMATION_FORMAT = "dwarf-with-dsym";
				ENABLE_NS_ASSERTIONS = NO;
				ENABLE_STRICT_OBJC_MSGSEND = YES;
				GCC_C_LANGUAGE_STANDARD = gnu11;
				GCC_NO_COMMON_BLOCKS = YES;
				GCC_WARN_64_TO_32_BIT_CONVERSION = YES;
				GCC_WARN_ABOUT_RETURN_TYPE = YES_ERROR;
				GCC_WARN_UNDECLARED_SELECTOR = YES;
				GCC_WARN_UNINITIALIZED_AUTOS = YES_AGGRESSIVE;
				GCC_WARN_UNUSED_FUNCTION = YES;
				GCC_WARN_UNUSED_VARIABLE = YES;
				IPHONEOS_DEPLOYMENT_TARGET = 16.4;
				MTL_ENABLE_DEBUG_INFO = NO;
				MTL_FAST_MATH = YES;
				SDKROOT = iphoneos;
				SWIFT_COMPILATION_MODE = wholemodule;
				SWIFT_OPTIMIZATION_LEVEL = "-O";
				VALIDATE_PRODUCT = YES;
			};
			name = Release;
		};
		603581142A0013BC0048AB23 /* Debug */ = {
			isa = XCBuildConfiguration;
			buildSettings = {
				ASSETCATALOG_COMPILER_APPICON_NAME = AppIcon;
				ASSETCATALOG_COMPILER_GLOBAL_ACCENT_COLOR_NAME = AccentColor;
				CODE_SIGN_STYLE = Automatic;
				CURRENT_PROJECT_VERSION = 1;
				DEVELOPMENT_TEAM = 39UVKYQQ9D;
				GENERATE_INFOPLIST_FILE = YES;
				INFOPLIST_FILE = SignKaruta/Info.plist;
				INFOPLIST_KEY_UIApplicationSupportsIndirectInputEvents = YES;
				INFOPLIST_KEY_UILaunchStoryboardName = LaunchScreen;
				INFOPLIST_KEY_UIMainStoryboardFile = Main;
				INFOPLIST_KEY_UISupportedInterfaceOrientations_iPad = "UIInterfaceOrientationPortrait UIInterfaceOrientationPortraitUpsideDown UIInterfaceOrientationLandscapeLeft UIInterfaceOrientationLandscapeRight";
				INFOPLIST_KEY_UISupportedInterfaceOrientations_iPhone = "UIInterfaceOrientationPortrait UIInterfaceOrientationLandscapeLeft UIInterfaceOrientationLandscapeRight";
				LD_RUNPATH_SEARCH_PATHS = (
					"$(inherited)",
					"@executable_path/Frameworks",
				);
				MARKETING_VERSION = 1.0;
				PRODUCT_BUNDLE_IDENTIFIER = com.Chihiro.SignKaruta;
				PRODUCT_NAME = "$(TARGET_NAME)";
				SWIFT_EMIT_LOC_STRINGS = YES;
				SWIFT_VERSION = 5.0;
				TARGETED_DEVICE_FAMILY = "1,2";
			};
			name = Debug;
		};
		603581152A0013BC0048AB23 /* Release */ = {
			isa = XCBuildConfiguration;
			buildSettings = {
				ASSETCATALOG_COMPILER_APPICON_NAME = AppIcon;
				ASSETCATALOG_COMPILER_GLOBAL_ACCENT_COLOR_NAME = AccentColor;
				CODE_SIGN_STYLE = Automatic;
				CURRENT_PROJECT_VERSION = 1;
				DEVELOPMENT_TEAM = 39UVKYQQ9D;
				GENERATE_INFOPLIST_FILE = YES;
				INFOPLIST_FILE = SignKaruta/Info.plist;
				INFOPLIST_KEY_UIApplicationSupportsIndirectInputEvents = YES;
				INFOPLIST_KEY_UILaunchStoryboardName = LaunchScreen;
				INFOPLIST_KEY_UIMainStoryboardFile = Main;
				INFOPLIST_KEY_UISupportedInterfaceOrientations_iPad = "UIInterfaceOrientationPortrait UIInterfaceOrientationPortraitUpsideDown UIInterfaceOrientationLandscapeLeft UIInterfaceOrientationLandscapeRight";
				INFOPLIST_KEY_UISupportedInterfaceOrientations_iPhone = "UIInterfaceOrientationPortrait UIInterfaceOrientationLandscapeLeft UIInterfaceOrientationLandscapeRight";
				LD_RUNPATH_SEARCH_PATHS = (
					"$(inherited)",
					"@executable_path/Frameworks",
				);
				MARKETING_VERSION = 1.0;
				PRODUCT_BUNDLE_IDENTIFIER = com.Chihiro.SignKaruta;
				PRODUCT_NAME = "$(TARGET_NAME)";
				SWIFT_EMIT_LOC_STRINGS = YES;
				SWIFT_VERSION = 5.0;
				TARGETED_DEVICE_FAMILY = "1,2";
			};
			name = Release;
		};
/* End XCBuildConfiguration section */

/* Begin XCConfigurationList section */
		603580FA2A0013BB0048AB23 /* Build configuration list for PBXProject "SignKaruta" */ = {
			isa = XCConfigurationList;
			buildConfigurations = (
				603581112A0013BC0048AB23 /* Debug */,
				603581122A0013BC0048AB23 /* Release */,
			);
			defaultConfigurationIsVisible = 0;
			defaultConfigurationName = Release;
		};
		603581132A0013BC0048AB23 /* Build configuration list for PBXNativeTarget "SignKaruta" */ = {
			isa = XCConfigurationList;
			buildConfigurations = (
				603581142A0013BC0048AB23 /* Debug */,
				603581152A0013BC0048AB23 /* Release */,
			);
			defaultConfigurationIsVisible = 0;
			defaultConfigurationName = Release;
		};
/* End XCConfigurationList section */
	};
	rootObject = 603580F72A0013BB0048AB23 /* Project object */;
}
