// !$*UTF8*$!
{
	archiveVersion = 1;
	classes = {
	};
	objectVersion = 56;
	objects = {

/* Begin PBXBuildFile section */
		600F0A6E2A05E66100D89E5D /* AppDelegate.swift in Sources */ = {isa = PBXBuildFile; fileRef = 600F0A6D2A05E66100D89E5D /* AppDelegate.swift */; };
		600F0A702A05E66100D89E5D /* SceneDelegate.swift in Sources */ = {isa = PBXBuildFile; fileRef = 600F0A6F2A05E66100D89E5D /* SceneDelegate.swift */; };
		600F0A722A05E66100D89E5D /* ViewController.swift in Sources */ = {isa = PBXBuildFile; fileRef = 600F0A712A05E66100D89E5D /* ViewController.swift */; };
		600F0A752A05E66100D89E5D /* Main.storyboard in Resources */ = {isa = PBXBuildFile; fileRef = 600F0A732A05E66100D89E5D /* Main.storyboard */; };
		600F0A772A05E66200D89E5D /* Assets.xcassets in Resources */ = {isa = PBXBuildFile; fileRef = 600F0A762A05E66200D89E5D /* Assets.xcassets */; };
		600F0A7A2A05E66200D89E5D /* LaunchScreen.storyboard in Resources */ = {isa = PBXBuildFile; fileRef = 600F0A782A05E66200D89E5D /* LaunchScreen.storyboard */; };
		600F0A822A05E9A000D89E5D /* tatiko3D.swift in Sources */ = {isa = PBXBuildFile; fileRef = 600F0A812A05E9A000D89E5D /* tatiko3D.swift */; };
		600F0A862A05EDA100D89E5D /* tatiko.dae in Resources */ = {isa = PBXBuildFile; fileRef = 600F0A852A05EDA100D89E5D /* tatiko.dae */; };
		600F0A882A05EF2A00D89E5D /* tatiko.scn in Resources */ = {isa = PBXBuildFile; fileRef = 600F0A872A05EF2A00D89E5D /* tatiko.scn */; };
/* End PBXBuildFile section */

/* Begin PBXFileReference section */
		600F0A6A2A05E66100D89E5D /* 3dtatiko.app */ = {isa = PBXFileReference; explicitFileType = wrapper.application; includeInIndex = 0; path = 3dtatiko.app; sourceTree = BUILT_PRODUCTS_DIR; };
		600F0A6D2A05E66100D89E5D /* AppDelegate.swift */ = {isa = PBXFileReference; lastKnownFileType = sourcecode.swift; path = AppDelegate.swift; sourceTree = "<group>"; };
		600F0A6F2A05E66100D89E5D /* SceneDelegate.swift */ = {isa = PBXFileReference; lastKnownFileType = sourcecode.swift; path = SceneDelegate.swift; sourceTree = "<group>"; };
		600F0A712A05E66100D89E5D /* ViewController.swift */ = {isa = PBXFileReference; lastKnownFileType = sourcecode.swift; path = ViewController.swift; sourceTree = "<group>"; };
		600F0A742A05E66100D89E5D /* Base */ = {isa = PBXFileReference; lastKnownFileType = file.storyboard; name = Base; path = Base.lproj/Main.storyboard; sourceTree = "<group>"; };
		600F0A762A05E66200D89E5D /* Assets.xcassets */ = {isa = PBXFileReference; lastKnownFileType = folder.assetcatalog; path = Assets.xcassets; sourceTree = "<group>"; };
		600F0A792A05E66200D89E5D /* Base */ = {isa = PBXFileReference; lastKnownFileType = file.storyboard; name = Base; path = Base.lproj/LaunchScreen.storyboard; sourceTree = "<group>"; };
		600F0A7B2A05E66200D89E5D /* Info.plist */ = {isa = PBXFileReference; lastKnownFileType = text.plist.xml; path = Info.plist; sourceTree = "<group>"; };
		600F0A812A05E9A000D89E5D /* tatiko3D.swift */ = {isa = PBXFileReference; lastKnownFileType = sourcecode.swift; path = tatiko3D.swift; sourceTree = "<group>"; };
		600F0A852A05EDA100D89E5D /* tatiko.dae */ = {isa = PBXFileReference; fileEncoding = 4; lastKnownFileType = text.xml.dae; path = tatiko.dae; sourceTree = "<group>"; };
		600F0A872A05EF2A00D89E5D /* tatiko.scn */ = {isa = PBXFileReference; lastKnownFileType = file.bplist; path = tatiko.scn; sourceTree = "<group>"; };
/* End PBXFileReference section */

/* Begin PBXFrameworksBuildPhase section */
		600F0A672A05E66100D89E5D /* Frameworks */ = {
			isa = PBXFrameworksBuildPhase;
			buildActionMask = 2147483647;
			files = (
			);
			runOnlyForDeploymentPostprocessing = 0;
		};
/* End PBXFrameworksBuildPhase section */

/* Begin PBXGroup section */
		600F0A612A05E66100D89E5D = {
			isa = PBXGroup;
			children = (
				600F0A6C2A05E66100D89E5D /* 3dtatiko */,
				600F0A6B2A05E66100D89E5D /* Products */,
			);
			sourceTree = "<group>";
		};
		600F0A6B2A05E66100D89E5D /* Products */ = {
			isa = PBXGroup;
			children = (
				600F0A6A2A05E66100D89E5D /* 3dtatiko.app */,
			);
			name = Products;
			sourceTree = "<group>";
		};
		600F0A6C2A05E66100D89E5D /* 3dtatiko */ = {
			isa = PBXGroup;
			children = (
				600F0A6D2A05E66100D89E5D /* AppDelegate.swift */,
				600F0A852A05EDA100D89E5D /* tatiko.dae */,
				600F0A872A05EF2A00D89E5D /* tatiko.scn */,
				600F0A6F2A05E66100D89E5D /* SceneDelegate.swift */,
				600F0A712A05E66100D89E5D /* ViewController.swift */,
				600F0A732A05E66100D89E5D /* Main.storyboard */,
				600F0A812A05E9A000D89E5D /* tatiko3D.swift */,
				600F0A762A05E66200D89E5D /* Assets.xcassets */,
				600F0A782A05E66200D89E5D /* LaunchScreen.storyboard */,
				600F0A7B2A05E66200D89E5D /* Info.plist */,
			);
			path = 3dtatiko;
			sourceTree = "<group>";
		};
/* End PBXGroup section */

/* Begin PBXNativeTarget section */
		600F0A692A05E66100D89E5D /* 3dtatiko */ = {
			isa = PBXNativeTarget;
			buildConfigurationList = 600F0A7E2A05E66200D89E5D /* Build configuration list for PBXNativeTarget "3dtatiko" */;
			buildPhases = (
				600F0A662A05E66100D89E5D /* Sources */,
				600F0A672A05E66100D89E5D /* Frameworks */,
				600F0A682A05E66100D89E5D /* Resources */,
			);
			buildRules = (
			);
			dependencies = (
			);
			name = 3dtatiko;
			productName = 3dtatiko;
			productReference = 600F0A6A2A05E66100D89E5D /* 3dtatiko.app */;
			productType = "com.apple.product-type.application";
		};
/* End PBXNativeTarget section */

/* Begin PBXProject section */
		600F0A622A05E66100D89E5D /* Project object */ = {
			isa = PBXProject;
			attributes = {
				BuildIndependentTargetsInParallel = 1;
				LastSwiftUpdateCheck = 1430;
				LastUpgradeCheck = 1430;
				TargetAttributes = {
					600F0A692A05E66100D89E5D = {
						CreatedOnToolsVersion = 14.3;
					};
				};
			};
			buildConfigurationList = 600F0A652A05E66100D89E5D /* Build configuration list for PBXProject "3dtatiko" */;
			compatibilityVersion = "Xcode 14.0";
			developmentRegion = en;
			hasScannedForEncodings = 0;
			knownRegions = (
				en,
				Base,
			);
			mainGroup = 600F0A612A05E66100D89E5D;
			productRefGroup = 600F0A6B2A05E66100D89E5D /* Products */;
			projectDirPath = "";
			projectRoot = "";
			targets = (
				600F0A692A05E66100D89E5D /* 3dtatiko */,
			);
		};
/* End PBXProject section */

/* Begin PBXResourcesBuildPhase section */
		600F0A682A05E66100D89E5D /* Resources */ = {
			isa = PBXResourcesBuildPhase;
			buildActionMask = 2147483647;
			files = (
				600F0A7A2A05E66200D89E5D /* LaunchScreen.storyboard in Resources */,
				600F0A772A05E66200D89E5D /* Assets.xcassets in Resources */,
				600F0A862A05EDA100D89E5D /* tatiko.dae in Resources */,
				600F0A752A05E66100D89E5D /* Main.storyboard in Resources */,
				600F0A882A05EF2A00D89E5D /* tatiko.scn in Resources */,
			);
			runOnlyForDeploymentPostprocessing = 0;
		};
/* End PBXResourcesBuildPhase section */

/* Begin PBXSourcesBuildPhase section */
		600F0A662A05E66100D89E5D /* Sources */ = {
			isa = PBXSourcesBuildPhase;
			buildActionMask = 2147483647;
			files = (
				600F0A822A05E9A000D89E5D /* tatiko3D.swift in Sources */,
				600F0A722A05E66100D89E5D /* ViewController.swift in Sources */,
				600F0A6E2A05E66100D89E5D /* AppDelegate.swift in Sources */,
				600F0A702A05E66100D89E5D /* SceneDelegate.swift in Sources */,
			);
			runOnlyForDeploymentPostprocessing = 0;
		};
/* End PBXSourcesBuildPhase section */

/* Begin PBXVariantGroup section */
		600F0A732A05E66100D89E5D /* Main.storyboard */ = {
			isa = PBXVariantGroup;
			children = (
				600F0A742A05E66100D89E5D /* Base */,
			);
			name = Main.storyboard;
			sourceTree = "<group>";
		};
		600F0A782A05E66200D89E5D /* LaunchScreen.storyboard */ = {
			isa = PBXVariantGroup;
			children = (
				600F0A792A05E66200D89E5D /* Base */,
			);
			name = LaunchScreen.storyboard;
			sourceTree = "<group>";
		};
/* End PBXVariantGroup section */

/* Begin XCBuildConfiguration section */
		600F0A7C2A05E66200D89E5D /* Debug */ = {
			isa = XCBuildConfiguration;
			buildSettings = {
				ALWAYS_SEARCH_USER_PATHS = NO;
				CLANG_ANALYZER_NONNULL = YES;
				CLANG_ANALYZER_NUMBER_OBJECT_CONVERSION = YES_AGGRESSIVE;
				CLANG_CXX_LANGUAGE_STANDARD = "gnu++20";
				CLANG_ENABLE_MODULES = YES;
				CLANG_ENABLE_OBJC_ARC = YES;
				CLANG_ENABLE_OBJC_WEAK = YES;
				CLANG_WARN_BLOCK_CAPTURE_AUTORELEASING = YES;
				CLANG_WARN_BOOL_CONVERSION = YES;
				CLANG_WARN_COMMA = YES;
				CLANG_WARN_CONSTANT_CONVERSION = YES;
				CLANG_WARN_DEPRECATED_OBJC_IMPLEMENTATIONS = YES;
				CLANG_WARN_DIRECT_OBJC_ISA_USAGE = YES_ERROR;
				CLANG_WARN_DOCUMENTATION_COMMENTS = YES;
				CLANG_WARN_EMPTY_BODY = YES;
				CLANG_WARN_ENUM_CONVERSION = YES;
				CLANG_WARN_INFINITE_RECURSION = YES;
				CLANG_WARN_INT_CONVERSION = YES;
				CLANG_WARN_NON_LITERAL_NULL_CONVERSION = YES;
				CLANG_WARN_OBJC_IMPLICIT_RETAIN_SELF = YES;
				CLANG_WARN_OBJC_LITERAL_CONVERSION = YES;
				CLANG_WARN_OBJC_ROOT_CLASS = YES_ERROR;
				CLANG_WARN_QUOTED_INCLUDE_IN_FRAMEWORK_HEADER = YES;
				CLANG_WARN_RANGE_LOOP_ANALYSIS = YES;
				CLANG_WARN_STRICT_PROTOTYPES = YES;
				CLANG_WARN_SUSPICIOUS_MOVE = YES;
				CLANG_WARN_UNGUARDED_AVAILABILITY = YES_AGGRESSIVE;
				CLANG_WARN_UNREACHABLE_CODE = YES;
				CLANG_WARN__DUPLICATE_METHOD_MATCH = YES;
				COPY_PHASE_STRIP = NO;
				DEBUG_INFORMATION_FORMAT = dwarf;
				ENABLE_STRICT_OBJC_MSGSEND = YES;
				ENABLE_TESTABILITY = YES;
				GCC_C_LANGUAGE_STANDARD = gnu11;
				GCC_DYNAMIC_NO_PIC = NO;
				GCC_NO_COMMON_BLOCKS = YES;
				GCC_OPTIMIZATION_LEVEL = 0;
				GCC_PREPROCESSOR_DEFINITIONS = (
					"DEBUG=1",
					"$(inherited)",
				);
				GCC_WARN_64_TO_32_BIT_CONVERSION = YES;
				GCC_WARN_ABOUT_RETURN_TYPE = YES_ERROR;
				GCC_WARN_UNDECLARED_SELECTOR = YES;
				GCC_WARN_UNINITIALIZED_AUTOS = YES_AGGRESSIVE;
				GCC_WARN_UNUSED_FUNCTION = YES;
				GCC_WARN_UNUSED_VARIABLE = YES;
				IPHONEOS_DEPLOYMENT_TARGET = 16.4;
				MTL_ENABLE_DEBUG_INFO = INCLUDE_SOURCE;
				MTL_FAST_MATH = YES;
				ONLY_ACTIVE_ARCH = YES;
				SDKROOT = iphoneos;
				SWIFT_ACTIVE_COMPILATION_CONDITIONS = DEBUG;
				SWIFT_OPTIMIZATION_LEVEL = "-Onone";
			};
			name = Debug;
		};
		600F0A7D2A05E66200D89E5D /* Release */ = {
			isa = XCBuildConfiguration;
			buildSettings = {
				ALWAYS_SEARCH_USER_PATHS = NO;
				CLANG_ANALYZER_NONNULL = YES;
				CLANG_ANALYZER_NUMBER_OBJECT_CONVERSION = YES_AGGRESSIVE;
				CLANG_CXX_LANGUAGE_STANDARD = "gnu++20";
				CLANG_ENABLE_MODULES = YES;
				CLANG_ENABLE_OBJC_ARC = YES;
				CLANG_ENABLE_OBJC_WEAK = YES;
				CLANG_WARN_BLOCK_CAPTURE_AUTORELEASING = YES;
				CLANG_WARN_BOOL_CONVERSION = YES;
				CLANG_WARN_COMMA = YES;
				CLANG_WARN_CONSTANT_CONVERSION = YES;
				CLANG_WARN_DEPRECATED_OBJC_IMPLEMENTATIONS = YES;
				CLANG_WARN_DIRECT_OBJC_ISA_USAGE = YES_ERROR;
				CLANG_WARN_DOCUMENTATION_COMMENTS = YES;
				CLANG_WARN_EMPTY_BODY = YES;
				CLANG_WARN_ENUM_CONVERSION = YES;
				CLANG_WARN_INFINITE_RECURSION = YES;
				CLANG_WARN_INT_CONVERSION = YES;
				CLANG_WARN_NON_LITERAL_NULL_CONVERSION = YES;
				CLANG_WARN_OBJC_IMPLICIT_RETAIN_SELF = YES;
				CLANG_WARN_OBJC_LITERAL_CONVERSION = YES;
				CLANG_WARN_OBJC_ROOT_CLASS = YES_ERROR;
				CLANG_WARN_QUOTED_INCLUDE_IN_FRAMEWORK_HEADER = YES;
				CLANG_WARN_RANGE_LOOP_ANALYSIS = YES;
				CLANG_WARN_STRICT_PROTOTYPES = YES;
				CLANG_WARN_SUSPICIOUS_MOVE = YES;
				CLANG_WARN_UNGUARDED_AVAILABILITY = YES_AGGRESSIVE;
				CLANG_WARN_UNREACHABLE_CODE = YES;
				CLANG_WARN__DUPLICATE_METHOD_MATCH = YES;
				COPY_PHASE_STRIP = NO;
				DEBUG_INFORMATION_FORMAT = "dwarf-with-dsym";
				ENABLE_NS_ASSERTIONS = NO;
				ENABLE_STRICT_OBJC_MSGSEND = YES;
				GCC_C_LANGUAGE_STANDARD = gnu11;
				GCC_NO_COMMON_BLOCKS = YES;
				GCC_WARN_64_TO_32_BIT_CONVERSION = YES;
				GCC_WARN_ABOUT_RETURN_TYPE = YES_ERROR;
				GCC_WARN_UNDECLARED_SELECTOR = YES;
				GCC_WARN_UNINITIALIZED_AUTOS = YES_AGGRESSIVE;
				GCC_WARN_UNUSED_FUNCTION = YES;
				GCC_WARN_UNUSED_VARIABLE = YES;
				IPHONEOS_DEPLOYMENT_TARGET = 16.4;
				MTL_ENABLE_DEBUG_INFO = NO;
				MTL_FAST_MATH = YES;
				SDKROOT = iphoneos;
				SWIFT_COMPILATION_MODE = wholemodule;
				SWIFT_OPTIMIZATION_LEVEL = "-O";
				VALIDATE_PRODUCT = YES;
			};
			name = Release;
		};
		600F0A7F2A05E66200D89E5D /* Debug */ = {
			isa = XCBuildConfiguration;
			buildSettings = {
				ASSETCATALOG_COMPILER_APPICON_NAME = AppIcon;
				ASSETCATALOG_COMPILER_GLOBAL_ACCENT_COLOR_NAME = AccentColor;
				CODE_SIGN_STYLE = Automatic;
				CURRENT_PROJECT_VERSION = 1;
				DEVELOPMENT_TEAM = 39UVKYQQ9D;
				GENERATE_INFOPLIST_FILE = YES;
				INFOPLIST_FILE = 3dtatiko/Info.plist;
				INFOPLIST_KEY_UIApplicationSupportsIndirectInputEvents = YES;
				INFOPLIST_KEY_UILaunchStoryboardName = LaunchScreen;
				INFOPLIST_KEY_UIMainStoryboardFile = Main;
				INFOPLIST_KEY_UISupportedInterfaceOrientations_iPad = "UIInterfaceOrientationPortrait UIInterfaceOrientationPortraitUpsideDown UIInterfaceOrientationLandscapeLeft UIInterfaceOrientationLandscapeRight";
				INFOPLIST_KEY_UISupportedInterfaceOrientations_iPhone = "UIInterfaceOrientationPortrait UIInterfaceOrientationLandscapeLeft UIInterfaceOrientationLandscapeRight";
				LD_RUNPATH_SEARCH_PATHS = (
					"$(inherited)",
					"@executable_path/Frameworks",
				);
				MARKETING_VERSION = 1.0;
				PRODUCT_BUNDLE_IDENTIFIER = "com.Chihiro.-dtatiko";
				PRODUCT_NAME = "$(TARGET_NAME)";
				SWIFT_EMIT_LOC_STRINGS = YES;
				SWIFT_VERSION = 5.0;
				TARGETED_DEVICE_FAMILY = "1,2";
			};
			name = Debug;
		};
		600F0A802A05E66200D89E5D /* Release */ = {
			isa = XCBuildConfiguration;
			buildSettings = {
				ASSETCATALOG_COMPILER_APPICON_NAME = AppIcon;
				ASSETCATALOG_COMPILER_GLOBAL_ACCENT_COLOR_NAME = AccentColor;
				CODE_SIGN_STYLE = Automatic;
				CURRENT_PROJECT_VERSION = 1;
				DEVELOPMENT_TEAM = 39UVKYQQ9D;
				GENERATE_INFOPLIST_FILE = YES;
				INFOPLIST_FILE = 3dtatiko/Info.plist;
				INFOPLIST_KEY_UIApplicationSupportsIndirectInputEvents = YES;
				INFOPLIST_KEY_UILaunchStoryboardName = LaunchScreen;
				INFOPLIST_KEY_UIMainStoryboardFile = Main;
				INFOPLIST_KEY_UISupportedInterfaceOrientations_iPad = "UIInterfaceOrientationPortrait UIInterfaceOrientationPortraitUpsideDown UIInterfaceOrientationLandscapeLeft UIInterfaceOrientationLandscapeRight";
				INFOPLIST_KEY_UISupportedInterfaceOrientations_iPhone = "UIInterfaceOrientationPortrait UIInterfaceOrientationLandscapeLeft UIInterfaceOrientationLandscapeRight";
				LD_RUNPATH_SEARCH_PATHS = (
					"$(inherited)",
					"@executable_path/Frameworks",
				);
				MARKETING_VERSION = 1.0;
				PRODUCT_BUNDLE_IDENTIFIER = "com.Chihiro.-dtatiko";
				PRODUCT_NAME = "$(TARGET_NAME)";
				SWIFT_EMIT_LOC_STRINGS = YES;
				SWIFT_VERSION = 5.0;
				TARGETED_DEVICE_FAMILY = "1,2";
			};
			name = Release;
		};
/* End XCBuildConfiguration section */

/* Begin XCConfigurationList section */
		600F0A652A05E66100D89E5D /* Build configuration list for PBXProject "3dtatiko" */ = {
			isa = XCConfigurationList;
			buildConfigurations = (
				600F0A7C2A05E66200D89E5D /* Debug */,
				600F0A7D2A05E66200D89E5D /* Release */,
			);
			defaultConfigurationIsVisible = 0;
			defaultConfigurationName = Release;
		};
		600F0A7E2A05E66200D89E5D /* Build configuration list for PBXNativeTarget "3dtatiko" */ = {
			isa = XCConfigurationList;
			buildConfigurations = (
				600F0A7F2A05E66200D89E5D /* Debug */,
				600F0A802A05E66200D89E5D /* Release */,
			);
			defaultConfigurationIsVisible = 0;
			defaultConfigurationName = Release;
		};
/* End XCConfigurationList section */
	};
	rootObject = 600F0A622A05E66100D89E5D /* Project object */;
}
